// !$*UTF8*$!
{
	archiveVersion = 1;
	classes = {
	};
	objectVersion = 55;
	objects = {

/* Begin PBXBuildFile section */
		422C8C8B28A1469E00ECE9B4 /* AppDelegate.swift in Sources */ = {isa = PBXBuildFile; fileRef = 422C8C8A28A1469E00ECE9B4 /* AppDelegate.swift */; };
		422C8C8D28A1469E00ECE9B4 /* SceneDelegate.swift in Sources */ = {isa = PBXBuildFile; fileRef = 422C8C8C28A1469E00ECE9B4 /* SceneDelegate.swift */; };
		422C8C8F28A1469E00ECE9B4 /* WelcomeScreen.swift in Sources */ = {isa = PBXBuildFile; fileRef = 422C8C8E28A1469E00ECE9B4 /* WelcomeScreen.swift */; };
		422C8C9228A1469E00ECE9B4 /* Main.storyboard in Resources */ = {isa = PBXBuildFile; fileRef = 422C8C9028A1469E00ECE9B4 /* Main.storyboard */; };
		422C8C9428A146A000ECE9B4 /* Assets.xcassets in Resources */ = {isa = PBXBuildFile; fileRef = 422C8C9328A146A000ECE9B4 /* Assets.xcassets */; };
		422C8C9728A146A000ECE9B4 /* LaunchScreen.storyboard in Resources */ = {isa = PBXBuildFile; fileRef = 422C8C9528A146A000ECE9B4 /* LaunchScreen.storyboard */; };
		422C8CA228A1570900ECE9B4 /* Repos.swift in Sources */ = {isa = PBXBuildFile; fileRef = 422C8CA128A1570900ECE9B4 /* Repos.swift */; };
		422C8CA428A159CD00ECE9B4 /* WelcomeScreenViewModel.swift in Sources */ = {isa = PBXBuildFile; fileRef = 422C8CA328A159CD00ECE9B4 /* WelcomeScreenViewModel.swift */; };
		422C8CA728A189A500ECE9B4 /* DataSource.swift in Sources */ = {isa = PBXBuildFile; fileRef = 422C8CA628A189A500ECE9B4 /* DataSource.swift */; };
		422C8CAB28A18F8600ECE9B4 /* Utils.swift in Sources */ = {isa = PBXBuildFile; fileRef = 422C8CAA28A18F8600ECE9B4 /* Utils.swift */; };
		422C8CAF28A24CA600ECE9B4 /* Dashboard.swift in Sources */ = {isa = PBXBuildFile; fileRef = 422C8CAE28A24CA600ECE9B4 /* Dashboard.swift */; };
		422C8CB228A2A62400ECE9B4 /* BranchesViewController.swift in Sources */ = {isa = PBXBuildFile; fileRef = 422C8CB128A2A62400ECE9B4 /* BranchesViewController.swift */; };
		422C8CB428A2BCF100ECE9B4 /* Branch.swift in Sources */ = {isa = PBXBuildFile; fileRef = 422C8CB328A2BCF100ECE9B4 /* Branch.swift */; };
		422C8CB728A3947200ECE9B4 /* UIViewControllerExtension.swift in Sources */ = {isa = PBXBuildFile; fileRef = 422C8CB628A3947200ECE9B4 /* UIViewControllerExtension.swift */; };
		42AA04E928A4E708004C9A66 /* NavigationViewController.swift in Sources */ = {isa = PBXBuildFile; fileRef = 42AA04E828A4E708004C9A66 /* NavigationViewController.swift */; };
/* End PBXBuildFile section */

/* Begin PBXFileReference section */
		422C8C8728A1469E00ECE9B4 /* GitHubApp.app */ = {isa = PBXFileReference; explicitFileType = wrapper.application; includeInIndex = 0; path = GitHubApp.app; sourceTree = BUILT_PRODUCTS_DIR; };
		422C8C8A28A1469E00ECE9B4 /* AppDelegate.swift */ = {isa = PBXFileReference; lastKnownFileType = sourcecode.swift; path = AppDelegate.swift; sourceTree = "<group>"; };
		422C8C8C28A1469E00ECE9B4 /* SceneDelegate.swift */ = {isa = PBXFileReference; lastKnownFileType = sourcecode.swift; path = SceneDelegate.swift; sourceTree = "<group>"; };
		422C8C8E28A1469E00ECE9B4 /* WelcomeScreen.swift */ = {isa = PBXFileReference; lastKnownFileType = sourcecode.swift; path = WelcomeScreen.swift; sourceTree = "<group>"; };
		422C8C9128A1469E00ECE9B4 /* Base */ = {isa = PBXFileReference; lastKnownFileType = file.storyboard; name = Base; path = Base.lproj/Main.storyboard; sourceTree = "<group>"; };
		422C8C9328A146A000ECE9B4 /* Assets.xcassets */ = {isa = PBXFileReference; lastKnownFileType = folder.assetcatalog; path = Assets.xcassets; sourceTree = "<group>"; };
		422C8C9628A146A000ECE9B4 /* Base */ = {isa = PBXFileReference; lastKnownFileType = file.storyboard; name = Base; path = Base.lproj/LaunchScreen.storyboard; sourceTree = "<group>"; };
		422C8C9828A146A000ECE9B4 /* Info.plist */ = {isa = PBXFileReference; lastKnownFileType = text.plist.xml; path = Info.plist; sourceTree = "<group>"; };
		422C8CA128A1570900ECE9B4 /* Repos.swift */ = {isa = PBXFileReference; lastKnownFileType = sourcecode.swift; path = Repos.swift; sourceTree = "<group>"; };
		422C8CA328A159CD00ECE9B4 /* WelcomeScreenViewModel.swift */ = {isa = PBXFileReference; lastKnownFileType = sourcecode.swift; path = WelcomeScreenViewModel.swift; sourceTree = "<group>"; };
		422C8CA628A189A500ECE9B4 /* DataSource.swift */ = {isa = PBXFileReference; lastKnownFileType = sourcecode.swift; path = DataSource.swift; sourceTree = "<group>"; };
		422C8CAA28A18F8600ECE9B4 /* Utils.swift */ = {isa = PBXFileReference; lastKnownFileType = sourcecode.swift; path = Utils.swift; sourceTree = "<group>"; };
		422C8CAE28A24CA600ECE9B4 /* Dashboard.swift */ = {isa = PBXFileReference; lastKnownFileType = sourcecode.swift; path = Dashboard.swift; sourceTree = "<group>"; };
		422C8CB128A2A62400ECE9B4 /* BranchesViewController.swift */ = {isa = PBXFileReference; lastKnownFileType = sourcecode.swift; path = BranchesViewController.swift; sourceTree = "<group>"; };
		422C8CB328A2BCF100ECE9B4 /* Branch.swift */ = {isa = PBXFileReference; lastKnownFileType = sourcecode.swift; path = Branch.swift; sourceTree = "<group>"; };
		422C8CB628A3947200ECE9B4 /* UIViewControllerExtension.swift */ = {isa = PBXFileReference; lastKnownFileType = sourcecode.swift; path = UIViewControllerExtension.swift; sourceTree = "<group>"; };
		42AA04E828A4E708004C9A66 /* NavigationViewController.swift */ = {isa = PBXFileReference; lastKnownFileType = sourcecode.swift; path = NavigationViewController.swift; sourceTree = "<group>"; };
/* End PBXFileReference section */

/* Begin PBXFrameworksBuildPhase section */
		422C8C8428A1469E00ECE9B4 /* Frameworks */ = {
			isa = PBXFrameworksBuildPhase;
			buildActionMask = 2147483647;
			files = (
			);
			runOnlyForDeploymentPostprocessing = 0;
		};
/* End PBXFrameworksBuildPhase section */

/* Begin PBXGroup section */
		422C8C7E28A1469E00ECE9B4 = {
			isa = PBXGroup;
			children = (
				422C8C8928A1469E00ECE9B4 /* GitHubApp */,
				422C8C8828A1469E00ECE9B4 /* Products */,
			);
			sourceTree = "<group>";
		};
		422C8C8828A1469E00ECE9B4 /* Products */ = {
			isa = PBXGroup;
			children = (
				422C8C8728A1469E00ECE9B4 /* GitHubApp.app */,
			);
			name = Products;
			sourceTree = "<group>";
		};
		422C8C8928A1469E00ECE9B4 /* GitHubApp */ = {
			isa = PBXGroup;
			children = (
				422C8C9E28A1566A00ECE9B4 /* Model */,
				422C8C9F28A1567200ECE9B4 /* ViewModel */,
				422C8CA528A1898F00ECE9B4 /* DataSource */,
				422C8CAC28A24C2900ECE9B4 /* WelcomeScreen */,
				422C8CAD28A24C3E00ECE9B4 /* Dashboard */,
				422C8CB028A2A5FA00ECE9B4 /* BranchesViewController */,
				422C8CA928A18F7500ECE9B4 /* Utils */,
				422C8CA028A156C300ECE9B4 /* STORYBOARD */,
				422C8CB528A3943300ECE9B4 /* Extensions */,
				422C8C8A28A1469E00ECE9B4 /* AppDelegate.swift */,
				422C8C8C28A1469E00ECE9B4 /* SceneDelegate.swift */,
				42AA04E828A4E708004C9A66 /* NavigationViewController.swift */,
				422C8C9328A146A000ECE9B4 /* Assets.xcassets */,
				422C8C9528A146A000ECE9B4 /* LaunchScreen.storyboard */,
				422C8C9828A146A000ECE9B4 /* Info.plist */,
			);
			path = GitHubApp;
			sourceTree = "<group>";
		};
		422C8C9E28A1566A00ECE9B4 /* Model */ = {
			isa = PBXGroup;
			children = (
				422C8CA128A1570900ECE9B4 /* Repos.swift */,
				422C8CB328A2BCF100ECE9B4 /* Branch.swift */,
			);
			path = Model;
			sourceTree = "<group>";
		};
		422C8C9F28A1567200ECE9B4 /* ViewModel */ = {
			isa = PBXGroup;
			children = (
				422C8CA328A159CD00ECE9B4 /* WelcomeScreenViewModel.swift */,
			);
			path = ViewModel;
			sourceTree = "<group>";
		};
		422C8CA028A156C300ECE9B4 /* STORYBOARD */ = {
			isa = PBXGroup;
			children = (
				422C8C9028A1469E00ECE9B4 /* Main.storyboard */,
			);
			path = STORYBOARD;
			sourceTree = "<group>";
		};
		422C8CA528A1898F00ECE9B4 /* DataSource */ = {
			isa = PBXGroup;
			children = (
				422C8CA628A189A500ECE9B4 /* DataSource.swift */,
			);
			path = DataSource;
			sourceTree = "<group>";
		};
		422C8CA928A18F7500ECE9B4 /* Utils */ = {
			isa = PBXGroup;
			children = (
				422C8CAA28A18F8600ECE9B4 /* Utils.swift */,
			);
			path = Utils;
			sourceTree = "<group>";
		};
		422C8CAC28A24C2900ECE9B4 /* WelcomeScreen */ = {
			isa = PBXGroup;
			children = (
				422C8C8E28A1469E00ECE9B4 /* WelcomeScreen.swift */,
			);
			path = WelcomeScreen;
			sourceTree = "<group>";
		};
		422C8CAD28A24C3E00ECE9B4 /* Dashboard */ = {
			isa = PBXGroup;
			children = (
				422C8CAE28A24CA600ECE9B4 /* Dashboard.swift */,
			);
			path = Dashboard;
			sourceTree = "<group>";
		};
		422C8CB028A2A5FA00ECE9B4 /* BranchesViewController */ = {
			isa = PBXGroup;
			children = (
				422C8CB128A2A62400ECE9B4 /* BranchesViewController.swift */,
			);
			path = BranchesViewController;
			sourceTree = "<group>";
		};
		422C8CB528A3943300ECE9B4 /* Extensions */ = {
			isa = PBXGroup;
			children = (
				422C8CB628A3947200ECE9B4 /* UIViewControllerExtension.swift */,
			);
			path = Extensions;
			sourceTree = "<group>";
		};
/* End PBXGroup section */

/* Begin PBXNativeTarget section */
		422C8C8628A1469E00ECE9B4 /* GitHubApp */ = {
			isa = PBXNativeTarget;
			buildConfigurationList = 422C8C9B28A146A000ECE9B4 /* Build configuration list for PBXNativeTarget "GitHubApp" */;
			buildPhases = (
				422C8C8328A1469E00ECE9B4 /* Sources */,
				422C8C8428A1469E00ECE9B4 /* Frameworks */,
				422C8C8528A1469E00ECE9B4 /* Resources */,
			);
			buildRules = (
			);
			dependencies = (
			);
			name = GitHubApp;
			productName = GitHubApp;
			productReference = 422C8C8728A1469E00ECE9B4 /* GitHubApp.app */;
			productType = "com.apple.product-type.application";
		};
/* End PBXNativeTarget section */

/* Begin PBXProject section */
		422C8C7F28A1469E00ECE9B4 /* Project object */ = {
			isa = PBXProject;
			attributes = {
				BuildIndependentTargetsInParallel = 1;
				LastSwiftUpdateCheck = 1340;
				LastUpgradeCheck = 1340;
				TargetAttributes = {
					422C8C8628A1469E00ECE9B4 = {
						CreatedOnToolsVersion = 13.4.1;
					};
				};
			};
			buildConfigurationList = 422C8C8228A1469E00ECE9B4 /* Build configuration list for PBXProject "GitHubApp" */;
			compatibilityVersion = "Xcode 13.0";
			developmentRegion = en;
			hasScannedForEncodings = 0;
			knownRegions = (
				en,
				Base,
			);
			mainGroup = 422C8C7E28A1469E00ECE9B4;
			productRefGroup = 422C8C8828A1469E00ECE9B4 /* Products */;
			projectDirPath = "";
			projectRoot = "";
			targets = (
				422C8C8628A1469E00ECE9B4 /* GitHubApp */,
			);
		};
/* End PBXProject section */

/* Begin PBXResourcesBuildPhase section */
		422C8C8528A1469E00ECE9B4 /* Resources */ = {
			isa = PBXResourcesBuildPhase;
			buildActionMask = 2147483647;
			files = (
				422C8C9728A146A000ECE9B4 /* LaunchScreen.storyboard in Resources */,
				422C8C9428A146A000ECE9B4 /* Assets.xcassets in Resources */,
				422C8C9228A1469E00ECE9B4 /* Main.storyboard in Resources */,
			);
			runOnlyForDeploymentPostprocessing = 0;
		};
/* End PBXResourcesBuildPhase section */

/* Begin PBXSourcesBuildPhase section */
		422C8C8328A1469E00ECE9B4 /* Sources */ = {
			isa = PBXSourcesBuildPhase;
			buildActionMask = 2147483647;
			files = (
				42AA04E928A4E708004C9A66 /* NavigationViewController.swift in Sources */,
				422C8CB228A2A62400ECE9B4 /* BranchesViewController.swift in Sources */,
				422C8CA728A189A500ECE9B4 /* DataSource.swift in Sources */,
				422C8C8F28A1469E00ECE9B4 /* WelcomeScreen.swift in Sources */,
				422C8CAF28A24CA600ECE9B4 /* Dashboard.swift in Sources */,
				422C8C8B28A1469E00ECE9B4 /* AppDelegate.swift in Sources */,
				422C8CAB28A18F8600ECE9B4 /* Utils.swift in Sources */,
				422C8CA428A159CD00ECE9B4 /* WelcomeScreenViewModel.swift in Sources */,
				422C8CB428A2BCF100ECE9B4 /* Branch.swift in Sources */,
				422C8C8D28A1469E00ECE9B4 /* SceneDelegate.swift in Sources */,
				422C8CB728A3947200ECE9B4 /* UIViewControllerExtension.swift in Sources */,
				422C8CA228A1570900ECE9B4 /* Repos.swift in Sources */,
			);
			runOnlyForDeploymentPostprocessing = 0;
		};
/* End PBXSourcesBuildPhase section */

/* Begin PBXVariantGroup section */
		422C8C9028A1469E00ECE9B4 /* Main.storyboard */ = {
			isa = PBXVariantGroup;
			children = (
				422C8C9128A1469E00ECE9B4 /* Base */,
			);
			name = Main.storyboard;
			sourceTree = "<group>";
		};
		422C8C9528A146A000ECE9B4 /* LaunchScreen.storyboard */ = {
			isa = PBXVariantGroup;
			children = (
				422C8C9628A146A000ECE9B4 /* Base */,
			);
			name = LaunchScreen.storyboard;
			sourceTree = "<group>";
		};
/* End PBXVariantGroup section */

/* Begin XCBuildConfiguration section */
		422C8C9928A146A000ECE9B4 /* Debug */ = {
			isa = XCBuildConfiguration;
			buildSettings = {
				ALWAYS_SEARCH_USER_PATHS = NO;
				CLANG_ANALYZER_NONNULL = YES;
				CLANG_ANALYZER_NUMBER_OBJECT_CONVERSION = YES_AGGRESSIVE;
				CLANG_CXX_LANGUAGE_STANDARD = "gnu++17";
				CLANG_ENABLE_MODULES = YES;
				CLANG_ENABLE_OBJC_ARC = YES;
				CLANG_ENABLE_OBJC_WEAK = YES;
				CLANG_WARN_BLOCK_CAPTURE_AUTORELEASING = YES;
				CLANG_WARN_BOOL_CONVERSION = YES;
				CLANG_WARN_COMMA = YES;
				CLANG_WARN_CONSTANT_CONVERSION = YES;
				CLANG_WARN_DEPRECATED_OBJC_IMPLEMENTATIONS = YES;
				CLANG_WARN_DIRECT_OBJC_ISA_USAGE = YES_ERROR;
				CLANG_WARN_DOCUMENTATION_COMMENTS = YES;
				CLANG_WARN_EMPTY_BODY = YES;
				CLANG_WARN_ENUM_CONVERSION = YES;
				CLANG_WARN_INFINITE_RECURSION = YES;
				CLANG_WARN_INT_CONVERSION = YES;
				CLANG_WARN_NON_LITERAL_NULL_CONVERSION = YES;
				CLANG_WARN_OBJC_IMPLICIT_RETAIN_SELF = YES;
				CLANG_WARN_OBJC_LITERAL_CONVERSION = YES;
				CLANG_WARN_OBJC_ROOT_CLASS = YES_ERROR;
				CLANG_WARN_QUOTED_INCLUDE_IN_FRAMEWORK_HEADER = YES;
				CLANG_WARN_RANGE_LOOP_ANALYSIS = YES;
				CLANG_WARN_STRICT_PROTOTYPES = YES;
				CLANG_WARN_SUSPICIOUS_MOVE = YES;
				CLANG_WARN_UNGUARDED_AVAILABILITY = YES_AGGRESSIVE;
				CLANG_WARN_UNREACHABLE_CODE = YES;
				CLANG_WARN__DUPLICATE_METHOD_MATCH = YES;
				COPY_PHASE_STRIP = NO;
				DEBUG_INFORMATION_FORMAT = dwarf;
				ENABLE_STRICT_OBJC_MSGSEND = YES;
				ENABLE_TESTABILITY = YES;
				GCC_C_LANGUAGE_STANDARD = gnu11;
				GCC_DYNAMIC_NO_PIC = NO;
				GCC_NO_COMMON_BLOCKS = YES;
				GCC_OPTIMIZATION_LEVEL = 0;
				GCC_PREPROCESSOR_DEFINITIONS = (
					"DEBUG=1",
					"$(inherited)",
				);
				GCC_WARN_64_TO_32_BIT_CONVERSION = YES;
				GCC_WARN_ABOUT_RETURN_TYPE = YES_ERROR;
				GCC_WARN_UNDECLARED_SELECTOR = YES;
				GCC_WARN_UNINITIALIZED_AUTOS = YES_AGGRESSIVE;
				GCC_WARN_UNUSED_FUNCTION = YES;
				GCC_WARN_UNUSED_VARIABLE = YES;
				IPHONEOS_DEPLOYMENT_TARGET = 15.5;
				MTL_ENABLE_DEBUG_INFO = INCLUDE_SOURCE;
				MTL_FAST_MATH = YES;
				ONLY_ACTIVE_ARCH = YES;
				SDKROOT = iphoneos;
				SWIFT_ACTIVE_COMPILATION_CONDITIONS = DEBUG;
				SWIFT_OPTIMIZATION_LEVEL = "-Onone";
			};
			name = Debug;
		};
		422C8C9A28A146A000ECE9B4 /* Release */ = {
			isa = XCBuildConfiguration;
			buildSettings = {
				ALWAYS_SEARCH_USER_PATHS = NO;
				CLANG_ANALYZER_NONNULL = YES;
				CLANG_ANALYZER_NUMBER_OBJECT_CONVERSION = YES_AGGRESSIVE;
				CLANG_CXX_LANGUAGE_STANDARD = "gnu++17";
				CLANG_ENABLE_MODULES = YES;
				CLANG_ENABLE_OBJC_ARC = YES;
				CLANG_ENABLE_OBJC_WEAK = YES;
				CLANG_WARN_BLOCK_CAPTURE_AUTORELEASING = YES;
				CLANG_WARN_BOOL_CONVERSION = YES;
				CLANG_WARN_COMMA = YES;
				CLANG_WARN_CONSTANT_CONVERSION = YES;
				CLANG_WARN_DEPRECATED_OBJC_IMPLEMENTATIONS = YES;
				CLANG_WARN_DIRECT_OBJC_ISA_USAGE = YES_ERROR;
				CLANG_WARN_DOCUMENTATION_COMMENTS = YES;
				CLANG_WARN_EMPTY_BODY = YES;
				CLANG_WARN_ENUM_CONVERSION = YES;
				CLANG_WARN_INFINITE_RECURSION = YES;
				CLANG_WARN_INT_CONVERSION = YES;
				CLANG_WARN_NON_LITERAL_NULL_CONVERSION = YES;
				CLANG_WARN_OBJC_IMPLICIT_RETAIN_SELF = YES;
				CLANG_WARN_OBJC_LITERAL_CONVERSION = YES;
				CLANG_WARN_OBJC_ROOT_CLASS = YES_ERROR;
				CLANG_WARN_QUOTED_INCLUDE_IN_FRAMEWORK_HEADER = YES;
				CLANG_WARN_RANGE_LOOP_ANALYSIS = YES;
				CLANG_WARN_STRICT_PROTOTYPES = YES;
				CLANG_WARN_SUSPICIOUS_MOVE = YES;
				CLANG_WARN_UNGUARDED_AVAILABILITY = YES_AGGRESSIVE;
				CLANG_WARN_UNREACHABLE_CODE = YES;
				CLANG_WARN__DUPLICATE_METHOD_MATCH = YES;
				COPY_PHASE_STRIP = NO;
				DEBUG_INFORMATION_FORMAT = "dwarf-with-dsym";
				ENABLE_NS_ASSERTIONS = NO;
				ENABLE_STRICT_OBJC_MSGSEND = YES;
				GCC_C_LANGUAGE_STANDARD = gnu11;
				GCC_NO_COMMON_BLOCKS = YES;
				GCC_WARN_64_TO_32_BIT_CONVERSION = YES;
				GCC_WARN_ABOUT_RETURN_TYPE = YES_ERROR;
				GCC_WARN_UNDECLARED_SELECTOR = YES;
				GCC_WARN_UNINITIALIZED_AUTOS = YES_AGGRESSIVE;
				GCC_WARN_UNUSED_FUNCTION = YES;
				GCC_WARN_UNUSED_VARIABLE = YES;
				IPHONEOS_DEPLOYMENT_TARGET = 15.5;
				MTL_ENABLE_DEBUG_INFO = NO;
				MTL_FAST_MATH = YES;
				SDKROOT = iphoneos;
				SWIFT_COMPILATION_MODE = wholemodule;
				SWIFT_OPTIMIZATION_LEVEL = "-O";
				VALIDATE_PRODUCT = YES;
			};
			name = Release;
		};
		422C8C9C28A146A000ECE9B4 /* Debug */ = {
			isa = XCBuildConfiguration;
			buildSettings = {
				ASSETCATALOG_COMPILER_APPICON_NAME = AppIcon;
				ASSETCATALOG_COMPILER_GLOBAL_ACCENT_COLOR_NAME = AccentColor;
				CODE_SIGN_STYLE = Automatic;
				CURRENT_PROJECT_VERSION = 1;
				DEVELOPMENT_TEAM = 9XZ8K6UUAV;
				GENERATE_INFOPLIST_FILE = YES;
				INFOPLIST_FILE = GitHubApp/Info.plist;
				INFOPLIST_KEY_UIApplicationSupportsIndirectInputEvents = YES;
				INFOPLIST_KEY_UILaunchStoryboardName = LaunchScreen;
				INFOPLIST_KEY_UIMainStoryboardFile = Main;
				INFOPLIST_KEY_UISupportedInterfaceOrientations = UIInterfaceOrientationPortrait;
				INFOPLIST_KEY_UISupportedInterfaceOrientations_iPad = "UIInterfaceOrientationPortrait UIInterfaceOrientationPortraitUpsideDown UIInterfaceOrientationLandscapeLeft UIInterfaceOrientationLandscapeRight";
				INFOPLIST_KEY_UISupportedInterfaceOrientations_iPhone = "UIInterfaceOrientationPortrait UIInterfaceOrientationLandscapeLeft UIInterfaceOrientationLandscapeRight";
				IPHONEOS_DEPLOYMENT_TARGET = 14.0;
				LD_RUNPATH_SEARCH_PATHS = (
					"$(inherited)",
					"@executable_path/Frameworks",
				);
				MARKETING_VERSION = 1.0;
				PRODUCT_BUNDLE_IDENTIFIER = com.Vachko.GitHubApp;
				PRODUCT_NAME = "$(TARGET_NAME)";
				SWIFT_EMIT_LOC_STRINGS = YES;
				SWIFT_VERSION = 5.0;
				TARGETED_DEVICE_FAMILY = 1;
			};
			name = Debug;
		};
		422C8C9D28A146A000ECE9B4 /* Release */ = {
			isa = XCBuildConfiguration;
			buildSettings = {
				ASSETCATALOG_COMPILER_APPICON_NAME = AppIcon;
				ASSETCATALOG_COMPILER_GLOBAL_ACCENT_COLOR_NAME = AccentColor;
				CODE_SIGN_STYLE = Automatic;
				CURRENT_PROJECT_VERSION = 1;
				DEVELOPMENT_TEAM = 9XZ8K6UUAV;
				GENERATE_INFOPLIST_FILE = YES;
				INFOPLIST_FILE = GitHubApp/Info.plist;
				INFOPLIST_KEY_UIApplicationSupportsIndirectInputEvents = YES;
				INFOPLIST_KEY_UILaunchStoryboardName = LaunchScreen;
				INFOPLIST_KEY_UIMainStoryboardFile = Main;
				INFOPLIST_KEY_UISupportedInterfaceOrientations = UIInterfaceOrientationPortrait;
				INFOPLIST_KEY_UISupportedInterfaceOrientations_iPad = "UIInterfaceOrientationPortrait UIInterfaceOrientationPortraitUpsideDown UIInterfaceOrientationLandscapeLeft UIInterfaceOrientationLandscapeRight";
				INFOPLIST_KEY_UISupportedInterfaceOrientations_iPhone = "UIInterfaceOrientationPortrait UIInterfaceOrientationLandscapeLeft UIInterfaceOrientationLandscapeRight";
				IPHONEOS_DEPLOYMENT_TARGET = 14.0;
				LD_RUNPATH_SEARCH_PATHS = (
					"$(inherited)",
					"@executable_path/Frameworks",
				);
				MARKETING_VERSION = 1.0;
				PRODUCT_BUNDLE_IDENTIFIER = com.Vachko.GitHubApp;
				PRODUCT_NAME = "$(TARGET_NAME)";
				SWIFT_EMIT_LOC_STRINGS = YES;
				SWIFT_VERSION = 5.0;
				TARGETED_DEVICE_FAMILY = 1;
			};
			name = Release;
		};
/* End XCBuildConfiguration section */

/* Begin XCConfigurationList section */
		422C8C8228A1469E00ECE9B4 /* Build configuration list for PBXProject "GitHubApp" */ = {
			isa = XCConfigurationList;
			buildConfigurations = (
				422C8C9928A146A000ECE9B4 /* Debug */,
				422C8C9A28A146A000ECE9B4 /* Release */,
			);
			defaultConfigurationIsVisible = 0;
			defaultConfigurationName = Release;
		};
		422C8C9B28A146A000ECE9B4 /* Build configuration list for PBXNativeTarget "GitHubApp" */ = {
			isa = XCConfigurationList;
			buildConfigurations = (
				422C8C9C28A146A000ECE9B4 /* Debug */,
				422C8C9D28A146A000ECE9B4 /* Release */,
			);
			defaultConfigurationIsVisible = 0;
			defaultConfigurationName = Release;
		};
/* End XCConfigurationList section */
	};
	rootObject = 422C8C7F28A1469E00ECE9B4 /* Project object */;
}
